
Microsoft Visual Studio Solution File, Format Version 12.00
# Visual Studio Version 17
VisualStudioVersion = 17.4.33205.214
MinimumVisualStudioVersion = 10.0.40219.1
Project("{FAE04EC0-301F-11D3-BF4B-00C04F79EFBC}") = "EvTapshirigi1", "EvTapshirigi1\EvTapshirigi1.csproj", "{FBE25FE3-801E-415B-973F-0539F20B9643}"
EndProject
Global
	GlobalSection(SolutionConfigurationPlatforms) = preSolution
		Debug|Any CPU = Debug|Any CPU
		Release|Any CPU = Release|Any CPU
	EndGlobalSection
	GlobalSection(ProjectConfigurationPlatforms) = postSolution
		{FBE25FE3-801E-415B-973F-0539F20B9643}.Debug|Any CPU.ActiveCfg = Debug|Any CPU
		{FBE25FE3-801E-415B-973F-0539F20B9643}.Debug|Any CPU.Build.0 = Debug|Any CPU
		{FBE25FE3-801E-415B-973F-0539F20B9643}.Release|Any CPU.ActiveCfg = Release|Any CPU
		{FBE25FE3-801E-415B-973F-0539F20B9643}.Release|Any CPU.Build.0 = Release|Any CPU
	EndGlobalSection
	GlobalSection(SolutionProperties) = preSolution
		HideSolutionNode = FALSE
	EndGlobalSection
	GlobalSection(ExtensibilityGlobals) = postSolution
		SolutionGuid = {146F9312-1C7B-465C-8A8A-7A2FABE526CF}
	EndGlobalSection
EndGlobal
